// !$*UTF8*$!
{
	archiveVersion = 1;
	classes = {
	};
	objectVersion = 46;
	objects = {

/* Begin PBXBuildFile section */
		A532D3151C52D81A0002E442 /* RPMAPISession.swift in Sources */ = {isa = PBXBuildFile; fileRef = A532D3141C52D81A0002E442 /* RPMAPISession.swift */; };
		A5B43A5A1C513D45009F9BCE /* main.swift in Sources */ = {isa = PBXBuildFile; fileRef = A5B43A591C513D45009F9BCE /* main.swift */; };
		A5C9FBC31C73D40D006B4FD1 /* Crypto.swift in Sources */ = {isa = PBXBuildFile; fileRef = A5C9FBC21C73D40D006B4FD1 /* Crypto.swift */; };
/* End PBXBuildFile section */

/* Begin PBXCopyFilesBuildPhase section */
		A5DC176A1C50345600DE2AF4 /* CopyFiles */ = {
			isa = PBXCopyFilesBuildPhase;
			buildActionMask = 2147483647;
			dstPath = /usr/share/man/man1/;
			dstSubfolderSpec = 0;
			files = (
			);
			runOnlyForDeploymentPostprocessing = 1;
		};
/* End PBXCopyFilesBuildPhase section */

/* Begin PBXFileReference section */
		A532D3141C52D81A0002E442 /* RPMAPISession.swift */ = {isa = PBXFileReference; fileEncoding = 4; lastKnownFileType = sourcecode.swift; name = RPMAPISession.swift; path = RPMRequest/RPMAPISession.swift; sourceTree = "<group>"; };
		A5B43A591C513D45009F9BCE /* main.swift */ = {isa = PBXFileReference; fileEncoding = 4; lastKnownFileType = sourcecode.swift; name = main.swift; path = RPMRequest/main.swift; sourceTree = "<group>"; };
		A5C9FBBE1C73D263006B4FD1 /* RPMRequest-Bridging-Header.h */ = {isa = PBXFileReference; lastKnownFileType = sourcecode.c.h; path = "RPMRequest-Bridging-Header.h"; sourceTree = "<group>"; };
		A5C9FBBF1C73D29F006B4FD1 /* libcommonCrypto.tbd */ = {isa = PBXFileReference; lastKnownFileType = "sourcecode.text-based-dylib-definition"; name = libcommonCrypto.tbd; path = usr/lib/system/libcommonCrypto.tbd; sourceTree = SDKROOT; };
		A5C9FBC21C73D40D006B4FD1 /* Crypto.swift */ = {isa = PBXFileReference; fileEncoding = 4; lastKnownFileType = sourcecode.swift; path = Crypto.swift; sourceTree = "<group>"; };
		A5DC176C1C50345600DE2AF4 /* RPMRequest */ = {isa = PBXFileReference; explicitFileType = "compiled.mach-o.executable"; includeInIndex = 0; path = RPMRequest; sourceTree = BUILT_PRODUCTS_DIR; };
/* End PBXFileReference section */

/* Begin PBXFrameworksBuildPhase section */
		A5DC17691C50345600DE2AF4 /* Frameworks */ = {
			isa = PBXFrameworksBuildPhase;
			buildActionMask = 2147483647;
			files = (
			);
			runOnlyForDeploymentPostprocessing = 0;
		};
/* End PBXFrameworksBuildPhase section */

/* Begin PBXGroup section */
		A5B43A5B1C513D66009F9BCE /* RPMRequest */ = {
			isa = PBXGroup;
			children = (
				A5B43A591C513D45009F9BCE /* main.swift */,
				A532D3141C52D81A0002E442 /* RPMAPISession.swift */,
				A5C9FBBE1C73D263006B4FD1 /* RPMRequest-Bridging-Header.h */,
				A5C9FBC21C73D40D006B4FD1 /* Crypto.swift */,
			);
			name = RPMRequest;
			sourceTree = "<group>";
		};
		A5DC17631C50345600DE2AF4 = {
			isa = PBXGroup;
			children = (
				A5C9FBBF1C73D29F006B4FD1 /* libcommonCrypto.tbd */,
				A5B43A5B1C513D66009F9BCE /* RPMRequest */,
				A5DC176D1C50345600DE2AF4 /* Products */,
			);
			sourceTree = "<group>";
		};
		A5DC176D1C50345600DE2AF4 /* Products */ = {
			isa = PBXGroup;
			children = (
				A5DC176C1C50345600DE2AF4 /* RPMRequest */,
			);
			name = Products;
			sourceTree = "<group>";
		};
/* End PBXGroup section */

/* Begin PBXNativeTarget section */
		A5DC176B1C50345600DE2AF4 /* RPMRequest */ = {
			isa = PBXNativeTarget;
			buildConfigurationList = A5DC17731C50345600DE2AF4 /* Build configuration list for PBXNativeTarget "RPMRequest" */;
			buildPhases = (
				A5DC17681C50345600DE2AF4 /* Sources */,
				A5DC17691C50345600DE2AF4 /* Frameworks */,
				A5DC176A1C50345600DE2AF4 /* CopyFiles */,
			);
			buildRules = (
			);
			dependencies = (
			);
			name = RPMRequest;
			productName = test;
			productReference = A5DC176C1C50345600DE2AF4 /* RPMRequest */;
			productType = "com.apple.product-type.tool";
		};
/* End PBXNativeTarget section */

/* Begin PBXProject section */
		A5DC17641C50345600DE2AF4 /* Project object */ = {
			isa = PBXProject;
			attributes = {
				LastSwiftUpdateCheck = 0720;
				LastUpgradeCheck = 0720;
				ORGANIZATIONNAME = "Kang Lu";
				TargetAttributes = {
					A5DC176B1C50345600DE2AF4 = {
						CreatedOnToolsVersion = 7.2;
					};
				};
			};
			buildConfigurationList = A5DC17671C50345600DE2AF4 /* Build configuration list for PBXProject "RPMRequest" */;
			compatibilityVersion = "Xcode 3.2";
			developmentRegion = English;
			hasScannedForEncodings = 0;
			knownRegions = (
				en,
			);
			mainGroup = A5DC17631C50345600DE2AF4;
			productRefGroup = A5DC176D1C50345600DE2AF4 /* Products */;
			projectDirPath = "";
			projectRoot = "";
			targets = (
				A5DC176B1C50345600DE2AF4 /* RPMRequest */,
			);
		};
/* End PBXProject section */

/* Begin PBXSourcesBuildPhase section */
		A5DC17681C50345600DE2AF4 /* Sources */ = {
			isa = PBXSourcesBuildPhase;
			buildActionMask = 2147483647;
			files = (
				A5C9FBC31C73D40D006B4FD1 /* Crypto.swift in Sources */,
				A532D3151C52D81A0002E442 /* RPMAPISession.swift in Sources */,
				A5B43A5A1C513D45009F9BCE /* main.swift in Sources */,
			);
			runOnlyForDeploymentPostprocessing = 0;
		};
/* End PBXSourcesBuildPhase section */

/* Begin XCBuildConfiguration section */
		A5DC17711C50345600DE2AF4 /* Debug */ = {
			isa = XCBuildConfiguration;
			buildSettings = {
				ALWAYS_SEARCH_USER_PATHS = NO;
				CLANG_CXX_LANGUAGE_STANDARD = "gnu++0x";
				CLANG_CXX_LIBRARY = "libc++";
				CLANG_ENABLE_MODULES = YES;
				CLANG_ENABLE_OBJC_ARC = YES;
				CLANG_WARN_BOOL_CONVERSION = YES;
				CLANG_WARN_CONSTANT_CONVERSION = YES;
				CLANG_WARN_DIRECT_OBJC_ISA_USAGE = YES_ERROR;
				CLANG_WARN_EMPTY_BODY = YES;
				CLANG_WARN_ENUM_CONVERSION = YES;
				CLANG_WARN_INT_CONVERSION = YES;
				CLANG_WARN_OBJC_ROOT_CLASS = YES_ERROR;
				CLANG_WARN_UNREACHABLE_CODE = YES;
				CLANG_WARN__DUPLICATE_METHOD_MATCH = YES;
				CODE_SIGN_IDENTITY = "-";
				COPY_PHASE_STRIP = NO;
				DEBUG_INFORMATION_FORMAT = dwarf;
				ENABLE_STRICT_OBJC_MSGSEND = YES;
				ENABLE_TESTABILITY = YES;
				GCC_C_LANGUAGE_STANDARD = gnu99;
				GCC_DYNAMIC_NO_PIC = NO;
				GCC_NO_COMMON_BLOCKS = YES;
				GCC_OPTIMIZATION_LEVEL = 0;
				GCC_PREPROCESSOR_DEFINITIONS = (
					"DEBUG=1",
					"$(inherited)",
				);
				GCC_WARN_64_TO_32_BIT_CONVERSION = YES;
				GCC_WARN_ABOUT_RETURN_TYPE = YES_ERROR;
				GCC_WARN_UNDECLARED_SELECTOR = YES;
				GCC_WARN_UNINITIALIZED_AUTOS = YES_AGGRESSIVE;
				GCC_WARN_UNUSED_FUNCTION = YES;
				GCC_WARN_UNUSED_VARIABLE = YES;
				MACOSX_DEPLOYMENT_TARGET = 10.11;
				MTL_ENABLE_DEBUG_INFO = YES;
				ONLY_ACTIVE_ARCH = YES;
				SDKROOT = macosx;
				SWIFT_OBJC_BRIDGING_HEADER = "RPMRequest-Bridging-Header.h";
				SWIFT_OPTIMIZATION_LEVEL = "-Onone";
			};
			name = Debug;
		};
		A5DC17721C50345600DE2AF4 /* Release */ = {
			isa = XCBuildConfiguration;
			buildSettings = {
				ALWAYS_SEARCH_USER_PATHS = NO;
				CLANG_CXX_LANGUAGE_STANDARD = "gnu++0x";
				CLANG_CXX_LIBRARY = "libc++";
				CLANG_ENABLE_MODULES = YES;
				CLANG_ENABLE_OBJC_ARC = YES;
				CLANG_WARN_BOOL_CONVERSION = YES;
				CLANG_WARN_CONSTANT_CONVERSION = YES;
				CLANG_WARN_DIRECT_OBJC_ISA_USAGE = YES_ERROR;
				CLANG_WARN_EMPTY_BODY = YES;
				CLANG_WARN_ENUM_CONVERSION = YES;
				CLANG_WARN_INT_CONVERSION = YES;
				CLANG_WARN_OBJC_ROOT_CLASS = YES_ERROR;
				CLANG_WARN_UNREACHABLE_CODE = YES;
				CLANG_WARN__DUPLICATE_METHOD_MATCH = YES;
				CODE_SIGN_IDENTITY = "-";
				COPY_PHASE_STRIP = NO;
				DEBUG_INFORMATION_FORMAT = "dwarf-with-dsym";
				ENABLE_NS_ASSERTIONS = NO;
				ENABLE_STRICT_OBJC_MSGSEND = YES;
				GCC_C_LANGUAGE_STANDARD = gnu99;
				GCC_NO_COMMON_BLOCKS = YES;
				GCC_WARN_64_TO_32_BIT_CONVERSION = YES;
				GCC_WARN_ABOUT_RETURN_TYPE = YES_ERROR;
				GCC_WARN_UNDECLARED_SELECTOR = YES;
				GCC_WARN_UNINITIALIZED_AUTOS = YES_AGGRESSIVE;
				GCC_WARN_UNUSED_FUNCTION = YES;
				GCC_WARN_UNUSED_VARIABLE = YES;
				MACOSX_DEPLOYMENT_TARGET = 10.11;
				MTL_ENABLE_DEBUG_INFO = NO;
				SDKROOT = macosx;
				SWIFT_OBJC_BRIDGING_HEADER = "RPMRequest-Bridging-Header.h";
			};
			name = Release;
		};
		A5DC17741C50345600DE2AF4 /* Debug */ = {
			isa = XCBuildConfiguration;
			buildSettings = {
				LIBRARY_SEARCH_PATHS = (
					"$(inherited)",
					"$(SDKROOT)/usr/lib/system",
				);
				PRODUCT_NAME = RPMRequest;
			};
			name = Debug;
		};
		A5DC17751C50345600DE2AF4 /* Release */ = {
			isa = XCBuildConfiguration;
			buildSettings = {
				LIBRARY_SEARCH_PATHS = (
					"$(inherited)",
					"$(SDKROOT)/usr/lib/system",
				);
				PRODUCT_NAME = RPMRequest;
			};
			name = Release;
		};
/* End XCBuildConfiguration section */

/* Begin XCConfigurationList section */
		A5DC17671C50345600DE2AF4 /* Build configuration list for PBXProject "RPMRequest" */ = {
			isa = XCConfigurationList;
			buildConfigurations = (
				A5DC17711C50345600DE2AF4 /* Debug */,
				A5DC17721C50345600DE2AF4 /* Release */,
			);
			defaultConfigurationIsVisible = 0;
			defaultConfigurationName = Release;
		};
		A5DC17731C50345600DE2AF4 /* Build configuration list for PBXNativeTarget "RPMRequest" */ = {
			isa = XCConfigurationList;
			buildConfigurations = (
				A5DC17741C50345600DE2AF4 /* Debug */,
				A5DC17751C50345600DE2AF4 /* Release */,
			);
			defaultConfigurationIsVisible = 0;
			defaultConfigurationName = Release;
		};
/* End XCConfigurationList section */
	};
	rootObject = A5DC17641C50345600DE2AF4 /* Project object */;
}
